# This file may be used to create an environment using:
# $ conda create --name <env> --file <this file>
# platform: linux-64
# created-by: conda 26.7.1
@EXPLICIT
https://conda.anaconda.org/conda-forge/noarch/ca-certificates-2026.7.22-hbd8a1cb_0.conda
https://conda.anaconda.org/conda-forge/linux-64/libgomp-16.2.0-he0feb66_5.conda
https://conda.anaconda.org/conda-forge/linux-64/libzlib-1.3.2-h25fd6f3_3.conda
https://conda.anaconda.org/conda-forge/noarch/python_abi-3.12-9_cp312.conda
https://conda.anaconda.org/conda-forge/noarch/tzdata-2026c-h151e31d_0.conda
https://conda.anaconda.org/conda-forge/linux-64/_openmp_mutex-4.5-20_gnu.conda
https://conda.anaconda.org/conda-forge/linux-64/zstd-1.5.7-hb78ec9c_7.conda
https://conda.anaconda.org/conda-forge/linux-64/ld_impl_linux-64-2.46.1-default_hbd61a6d_102.conda
https://conda.anaconda.org/conda-forge/linux-64/libgcc-16.2.0-ha9f2e26_5.conda
https://conda.anaconda.org/conda-forge/linux-64/bzip2-1.0.8-hda65f42_10.conda
https://conda.anaconda.org/conda-forge/linux-64/libexpat-2.8.4-hd2095e1_0.conda
https://conda.anaconda.org/conda-forge/linux-64/libffi-3.7.0-h81df57d_1.conda
https://conda.anaconda.org/conda-forge/linux-64/liblzma-5.8.3-hb03c661_1.conda
https://conda.anaconda.org/conda-forge/linux-64/libnsl-2.0.1-hb9d3cd8_1.conda
https://conda.anaconda.org/conda-forge/linux-64/libstdcxx-16.2.0-h934c35e_5.conda
https://conda.anaconda.org/conda-forge/linux-64/libuuid-2.42.3-hcfc3c73_0.conda
https://conda.anaconda.org/conda-forge/linux-64/libuv-1.52.1-h280c20c_1.conda
https://conda.anaconda.org/conda-forge/linux-64/libxcrypt-4.4.38-h280c20c_0.conda
https://conda.anaconda.org/conda-forge/linux-64/ncurses-6.6-hdb14827_1.conda
https://conda.anaconda.org/conda-forge/linux-64/openssl-3.6.4-h781a0a9_0.conda
https://conda.anaconda.org/conda-forge/linux-64/tk-8.6.13-noxft_h1df4ec4_4.conda
https://conda.anaconda.org/conda-forge/linux-64/yaml-0.2.5-hebe6cf0_3.conda
https://conda.anaconda.org/conda-forge/linux-64/icu-78.3-py310h44b86e0_2.conda
https://conda.anaconda.org/conda-forge/linux-64/libpython-3.12.14-h0c77377_3_cpython.conda
https://conda.anaconda.org/conda-forge/linux-64/readline-8.3-hd6e31c0_1.conda
https://conda.anaconda.org/conda-forge/linux-64/libsqlite-3.53.4-h13e7031_1.conda
https://conda.anaconda.org/conda-forge/linux-64/python-3.12.14-h5f976f7_3_cpython.conda
https://conda.anaconda.org/conda-forge/noarch/annotated-doc-0.0.5-pyhcf101f3_0.conda
https://conda.anaconda.org/conda-forge/noarch/async-timeout-5.0.1-pyhcf101f3_2.conda
https://conda.anaconda.org/conda-forge/linux-64/backports.zstd-1.7.0-py312h3f22e6b_1.conda
https://conda.anaconda.org/conda-forge/noarch/boolean.py-5.0-pyhd8ed1ab_0.conda
https://conda.anaconda.org/conda-forge/linux-64/brotli-python-1.2.0-py312he9c40d5_4.conda
https://conda.anaconda.org/conda-forge/noarch/certifi-2026.7.22-pyhd8ed1ab_0.conda
https://conda.anaconda.org/conda-forge/noarch/charset-normalizer-3.5.1-pyhd8ed1ab_0.conda
https://conda.anaconda.org/conda-forge/noarch/click-8.5.0-pyh5ded981_0.conda
https://conda.anaconda.org/conda-forge/noarch/colorama-0.4.6-pyhd8ed1ab_1.conda
https://conda.anaconda.org/conda-forge/noarch/cpython-3.12.14-py312hd8ed1ab_3.conda
https://conda.anaconda.org/conda-forge/noarch/defusedxml-0.7.1-pyhd8ed1ab_0.tar.bz2
https://conda.anaconda.org/conda-forge/linux-64/fastar-0.12.0-py312h15b83fc_0.conda
https://conda.anaconda.org/conda-forge/noarch/filelock-4.0.1-pyhd8ed1ab_0.conda
https://conda.anaconda.org/conda-forge/noarch/hpack-4.2.0-pyhd8ed1ab_0.conda
https://conda.anaconda.org/conda-forge/linux-64/httptools-0.8.0-py312h5cc1888_2.conda
https://conda.anaconda.org/conda-forge/noarch/hyperframe-6.1.0-pyhd8ed1ab_0.conda
https://conda.anaconda.org/conda-forge/noarch/idna-3.20-pyh5ded981_0.conda
https://conda.anaconda.org/conda-forge/noarch/iniconfig-2.3.0-pyhd8ed1ab_0.conda
https://conda.anaconda.org/conda-forge/linux-64/markupsafe-3.0.3-py312h8a5da7c_1.conda
https://conda.anaconda.org/conda-forge/noarch/mdurl-0.1.2-pyhd8ed1ab_1.conda
https://conda.anaconda.org/conda-forge/linux-64/msgpack-python-1.2.2-py312h9be0db6_2.conda
https://conda.anaconda.org/conda-forge/noarch/mypy_extensions-1.1.0-pyha770c72_0.conda
https://conda.anaconda.org/conda-forge/noarch/packageurl-python-0.17.6-pyhcf101f3_0.conda
https://conda.anaconda.org/conda-forge/noarch/packaging-26.3-pyhc364b38_0.conda
https://conda.anaconda.org/conda-forge/noarch/pathspec-1.1.1-pyhd8ed1ab_0.conda
https://conda.anaconda.org/conda-forge/noarch/platformdirs-4.11.11-pyh5ded981_0.conda
https://conda.anaconda.org/conda-forge/noarch/pluggy-1.6.0-pyhf9edf01_1.conda
https://conda.anaconda.org/conda-forge/linux-64/psutil-7.2.2-py312h1b36aeb_3.conda
https://conda.anaconda.org/conda-forge/noarch/pygments-2.21.0-pyhcf101f3_0.conda
https://conda.anaconda.org/conda-forge/noarch/pyparsing-3.3.3-pyh5ded981_0.conda
https://conda.anaconda.org/conda-forge/noarch/pysocks-1.7.1-pyha55dd90_7.conda
https://conda.anaconda.org/conda-forge/noarch/python-dotenv-1.2.3-pyhcf101f3_0.conda
https://conda.anaconda.org/conda-forge/linux-64/python-librt-0.15.0-py312h1b36aeb_2.conda
https://conda.anaconda.org/conda-forge/noarch/python-multipart-0.0.32-pyhcf101f3_0.conda
https://conda.anaconda.org/conda-forge/linux-64/pyyaml-6.0.3-py312h8a5da7c_1.conda
https://conda.anaconda.org/conda-forge/linux-64/ruff-0.16.7-hbcb56a7_0.conda
https://conda.anaconda.org/conda-forge/noarch/setuptools-84.0.0-pyh332efcf_0.conda
https://conda.anaconda.org/conda-forge/noarch/shellingham-1.5.4-pyhd8ed1ab_2.conda
https://conda.anaconda.org/conda-forge/noarch/six-1.17.0-pyhe01879c_1.conda
https://conda.anaconda.org/conda-forge/noarch/sniffio-1.3.1-pyhd8ed1ab_2.conda
https://conda.anaconda.org/conda-forge/noarch/sortedcontainers-2.4.0-pyhd8ed1ab_1.conda
https://conda.anaconda.org/conda-forge/noarch/toml-0.10.2-pyhcf101f3_3.conda
https://conda.anaconda.org/conda-forge/noarch/tomli-2.4.1-pyhcf101f3_0.conda
https://conda.anaconda.org/conda-forge/noarch/tomli-w-1.2.0-pyhd8ed1ab_0.conda
https://conda.anaconda.org/conda-forge/noarch/typing_extensions-4.16.0-pyhcf101f3_0.conda
https://conda.anaconda.org/conda-forge/linux-64/uvloop-0.22.1-py312h5cc1888_2.conda
https://conda.anaconda.org/conda-forge/noarch/webencodings-0.5.1-pyhd8ed1ab_3.conda
https://conda.anaconda.org/conda-forge/linux-64/websockets-17.1-py312h89dfda2_1.conda
https://conda.anaconda.org/conda-forge/noarch/anyio-4.15.1-pyh5ded981_1.conda
https://conda.anaconda.org/conda-forge/linux-64/asyncpg-0.31.0-py312h5253ce2_1.conda
https://conda.anaconda.org/conda-forge/noarch/dnspython-2.8.0-pyhcf101f3_0.conda
https://conda.anaconda.org/conda-forge/noarch/exceptiongroup-1.3.1-pyhd8ed1ab_0.conda
https://conda.anaconda.org/conda-forge/noarch/h11-0.16.0-pyhcf101f3_1.conda
https://conda.anaconda.org/conda-forge/noarch/h2-4.4.1-pyhcf101f3_0.conda
https://conda.anaconda.org/conda-forge/noarch/html5lib-1.1-pyhd8ed1ab_2.conda
https://conda.anaconda.org/conda-forge/noarch/jinja2-3.1.6-pyhcf101f3_1.conda
https://conda.anaconda.org/conda-forge/noarch/license-expression-30.4.4-pyhe01879c_0.conda
https://conda.anaconda.org/conda-forge/noarch/markdown-it-py-4.2.0-pyhd8ed1ab_0.conda
https://conda.anaconda.org/conda-forge/noarch/pip-requirements-parser-32.0.1-pyhd8ed1ab_1.conda
https://conda.anaconda.org/conda-forge/noarch/py-serializable-2.1.0-pyhe01879c_0.conda
https://conda.anaconda.org/conda-forge/noarch/python-gil-3.12.14-hd8ed1ab_3.conda
https://conda.anaconda.org/conda-forge/noarch/typing-extensions-4.16.0-h69aa097_0.conda
https://conda.anaconda.org/conda-forge/noarch/typing-inspection-0.4.4-pyhcf101f3_0.conda
https://conda.anaconda.org/conda-forge/noarch/wheel-0.48.0-pyhd8ed1ab_0.conda
https://conda.anaconda.org/conda-forge/noarch/_python_abi3_support-1.0-hd8ed1ab_3.conda
https://conda.anaconda.org/conda-forge/noarch/annotated-types-0.8.0-pyhd8ed1ab_0.conda
https://conda.anaconda.org/conda-forge/noarch/cyclonedx-python-lib-11.12.0-pyhcf101f3_0.conda
https://conda.anaconda.org/conda-forge/noarch/email-validator-2.3.0-pyhd8ed1ab_0.conda
https://conda.anaconda.org/conda-forge/noarch/httpcore-1.0.9-pyh29332c3_0.conda
https://conda.anaconda.org/conda-forge/noarch/pip-26.2.1-pyh8b19718_0.conda
https://conda.anaconda.org/conda-forge/linux-64/pydantic-core-2.46.5-py312hc767a74_2.conda
https://conda.anaconda.org/conda-forge/noarch/pytest-9.1.1-pyhc364b38_2.conda
https://conda.anaconda.org/conda-forge/noarch/rich-15.0.0-pyhcf101f3_0.conda
https://conda.anaconda.org/conda-forge/noarch/starlette-1.6.0-pyhcf101f3_0.conda
https://conda.anaconda.org/conda-forge/noarch/urllib3-2.8.0-pyhd8ed1ab_0.conda
https://conda.anaconda.org/conda-forge/noarch/uvicorn-0.53.0-pyh53cf698_0.conda
https://conda.anaconda.org/conda-forge/linux-64/ast-serialize-0.11.2-py311hf77984d_0.conda
https://conda.anaconda.org/conda-forge/noarch/email_validator-2.3.0-hd8ed1ab_0.conda
https://conda.anaconda.org/conda-forge/noarch/httpx-0.28.1-pyhd8ed1ab_0.conda
https://conda.anaconda.org/conda-forge/noarch/pip-api-0.0.34-pyhd8ed1ab_0.conda
https://conda.anaconda.org/conda-forge/noarch/pydantic-2.13.5-pyhcf101f3_0.conda
https://conda.anaconda.org/conda-forge/noarch/python-abi3-3.12-he1d15d4_3.conda
https://conda.anaconda.org/conda-forge/noarch/requests-2.34.2-pyhcf101f3_0.conda
https://conda.anaconda.org/conda-forge/noarch/rich-toolkit-0.20.5-pyh5ded981_0.conda
https://conda.anaconda.org/conda-forge/noarch/typer-0.27.2-pyhcf101f3_0.conda
https://conda.anaconda.org/conda-forge/noarch/cachecontrol-0.14.4-pyha770c72_0.conda
https://conda.anaconda.org/conda-forge/noarch/fastapi-core-0.141.1-pyhcf101f3_0.conda
https://conda.anaconda.org/conda-forge/linux-64/mypy-2.3.1-py312h1b36aeb_2.conda
https://conda.anaconda.org/conda-forge/noarch/pydantic-extra-types-2.11.1-pyhcf101f3_0.conda
https://conda.anaconda.org/conda-forge/noarch/pydantic-settings-2.15.0-pyhcf101f3_0.conda
https://conda.anaconda.org/conda-forge/linux-64/watchfiles-1.3.0-py311h1180b86_0.conda
https://conda.anaconda.org/conda-forge/noarch/pip-audit-2.10.1-pyhd8ed1ab_0.conda
https://conda.anaconda.org/conda-forge/noarch/uvicorn-standard-0.53.0-h86e8c93_0.conda
https://conda.anaconda.org/conda-forge/noarch/fastapi-cli-0.0.32-pyhcf101f3_0.conda
https://conda.anaconda.org/conda-forge/noarch/fastapi-0.141.1-h76d476e_0.conda
